
Microsoft Visual Studio Solution File, Format Version 12.00
# Visual Studio Version 17
VisualStudioVersion = 17.10.34607.79
MinimumVisualStudioVersion = 10.0.40219.1
Project("{FAE04EC0-301F-11D3-BF4B-00C04F79EFBC}") = "Modul_16_ADO_Console_Lessons", "Modul_16_ADO_Console_Lessons.csproj", "{EBA6BDF5-3019-4822-9043-7B2FFD1E76E4}"
EndProject
Global
	GlobalSection(SolutionConfigurationPlatforms) = preSolution
		Debug|Any CPU = Debug|Any CPU
		Release|Any CPU = Release|Any CPU
	EndGlobalSection
	GlobalSection(ProjectConfigurationPlatforms) = postSolution
		{EBA6BDF5-3019-4822-9043-7B2FFD1E76E4}.Debug|Any CPU.ActiveCfg = Debug|Any CPU
		{EBA6BDF5-3019-4822-9043-7B2FFD1E76E4}.Debug|Any CPU.Build.0 = Debug|Any CPU
		{EBA6BDF5-3019-4822-9043-7B2FFD1E76E4}.Release|Any CPU.ActiveCfg = Release|Any CPU
		{EBA6BDF5-3019-4822-9043-7B2FFD1E76E4}.Release|Any CPU.Build.0 = Release|Any CPU
	EndGlobalSection
	GlobalSection(SolutionProperties) = preSolution
		HideSolutionNode = FALSE
	EndGlobalSection
	GlobalSection(ExtensibilityGlobals) = postSolution
		SolutionGuid = {78917271-E6FB-4211-B047-D5B67C8D9252}
	EndGlobalSection
EndGlobal
